
Microsoft Visual Studio Solution File, Format Version 12.00
# Visual Studio Version 17
VisualStudioVersion = 17.8.34330.188
MinimumVisualStudioVersion = 10.0.40219.1
Project("{FAE04EC0-301F-11D3-BF4B-00C04F79EFBC}") = "WebApplicationElevator", "WebApplicationElevator.csproj", "{98F00272-7320-46E5-A2FB-15F134E0A46E}"
EndProject
Global
	GlobalSection(SolutionConfigurationPlatforms) = preSolution
		Debug|Any CPU = Debug|Any CPU
		Release|Any CPU = Release|Any CPU
	EndGlobalSection
	GlobalSection(ProjectConfigurationPlatforms) = postSolution
		{98F00272-7320-46E5-A2FB-15F134E0A46E}.Debug|Any CPU.ActiveCfg = Debug|Any CPU
		{98F00272-7320-46E5-A2FB-15F134E0A46E}.Debug|Any CPU.Build.0 = Debug|Any CPU
		{98F00272-7320-46E5-A2FB-15F134E0A46E}.Release|Any CPU.ActiveCfg = Release|Any CPU
		{98F00272-7320-46E5-A2FB-15F134E0A46E}.Release|Any CPU.Build.0 = Release|Any CPU
	EndGlobalSection
	GlobalSection(SolutionProperties) = preSolution
		HideSolutionNode = FALSE
	EndGlobalSection
	GlobalSection(ExtensibilityGlobals) = postSolution
		SolutionGuid = {01BF5846-3941-4DBC-BECF-38F443AE351E}
	EndGlobalSection
EndGlobal
